// !$*UTF8*$!
{
	archiveVersion = 1;
	classes = {
	};
	objectVersion = 50;
	objects = {

/* Begin PBXBuildFile section */
		1442736F2153EE5000874F30 /* AppDelegate.swift in Sources */ = {isa = PBXBuildFile; fileRef = 1442736E2153EE5000874F30 /* AppDelegate.swift */; };
		144273712153EE5000874F30 /* RootViewController.swift in Sources */ = {isa = PBXBuildFile; fileRef = 144273702153EE5000874F30 /* RootViewController.swift */; };
		144273742153EE5000874F30 /* Main.storyboard in Resources */ = {isa = PBXBuildFile; fileRef = 144273722153EE5000874F30 /* Main.storyboard */; };
		144273762153EE7E00874F30 /* Assets.xcassets in Resources */ = {isa = PBXBuildFile; fileRef = 144273752153EE7E00874F30 /* Assets.xcassets */; };
		144273792153EE7E00874F30 /* LaunchScreen.storyboard in Resources */ = {isa = PBXBuildFile; fileRef = 144273772153EE7E00874F30 /* LaunchScreen.storyboard */; };
		144273812154160800874F30 /* JustView.swift in Sources */ = {isa = PBXBuildFile; fileRef = 144273802154160700874F30 /* JustView.swift */; };
		14427383215560F200874F30 /* TableView.swift in Sources */ = {isa = PBXBuildFile; fileRef = 14427382215560F100874F30 /* TableView.swift */; };
		144273852155633100874F30 /* CollectionView.swift in Sources */ = {isa = PBXBuildFile; fileRef = 144273842155633100874F30 /* CollectionView.swift */; };
		1442738B2156BACD00874F30 /* CustomArea.swift in Sources */ = {isa = PBXBuildFile; fileRef = 1442738A2156BACD00874F30 /* CustomArea.swift */; };
		1442738E2158099E00874F30 /* CustomTableCell.swift in Sources */ = {isa = PBXBuildFile; fileRef = 1442738D2158099E00874F30 /* CustomTableCell.swift */; };
		14427390215809C700874F30 /* CustomCollectionCell.swift in Sources */ = {isa = PBXBuildFile; fileRef = 1442738F215809C700874F30 /* CustomCollectionCell.swift */; };
/* End PBXBuildFile section */

/* Begin PBXFileReference section */
		1442736B2153EE5000874F30 /* ViewSample.app */ = {isa = PBXFileReference; explicitFileType = wrapper.application; includeInIndex = 0; path = ViewSample.app; sourceTree = BUILT_PRODUCTS_DIR; };
		1442736E2153EE5000874F30 /* AppDelegate.swift */ = {isa = PBXFileReference; lastKnownFileType = sourcecode.swift; path = AppDelegate.swift; sourceTree = "<group>"; };
		144273702153EE5000874F30 /* RootViewController.swift */ = {isa = PBXFileReference; lastKnownFileType = sourcecode.swift; path = RootViewController.swift; sourceTree = "<group>"; };
		144273732153EE5000874F30 /* Base */ = {isa = PBXFileReference; lastKnownFileType = file.storyboard; name = Base; path = Base.lproj/Main.storyboard; sourceTree = "<group>"; };
		144273752153EE7E00874F30 /* Assets.xcassets */ = {isa = PBXFileReference; lastKnownFileType = folder.assetcatalog; path = Assets.xcassets; sourceTree = "<group>"; };
		144273782153EE7E00874F30 /* Base */ = {isa = PBXFileReference; lastKnownFileType = file.storyboard; name = Base; path = Base.lproj/LaunchScreen.storyboard; sourceTree = "<group>"; };
		1442737A2153EE7E00874F30 /* Info.plist */ = {isa = PBXFileReference; lastKnownFileType = text.plist.xml; path = Info.plist; sourceTree = "<group>"; };
		144273802154160700874F30 /* JustView.swift */ = {isa = PBXFileReference; lastKnownFileType = sourcecode.swift; path = JustView.swift; sourceTree = "<group>"; };
		14427382215560F100874F30 /* TableView.swift */ = {isa = PBXFileReference; lastKnownFileType = sourcecode.swift; path = TableView.swift; sourceTree = "<group>"; };
		144273842155633100874F30 /* CollectionView.swift */ = {isa = PBXFileReference; lastKnownFileType = sourcecode.swift; path = CollectionView.swift; sourceTree = "<group>"; };
		1442738A2156BACD00874F30 /* CustomArea.swift */ = {isa = PBXFileReference; lastKnownFileType = sourcecode.swift; path = CustomArea.swift; sourceTree = "<group>"; };
		1442738D2158099E00874F30 /* CustomTableCell.swift */ = {isa = PBXFileReference; lastKnownFileType = sourcecode.swift; path = CustomTableCell.swift; sourceTree = "<group>"; };
		1442738F215809C700874F30 /* CustomCollectionCell.swift */ = {isa = PBXFileReference; lastKnownFileType = sourcecode.swift; path = CustomCollectionCell.swift; sourceTree = "<group>"; };
/* End PBXFileReference section */

/* Begin PBXFrameworksBuildPhase section */
		144273682153EE5000874F30 /* Frameworks */ = {
			isa = PBXFrameworksBuildPhase;
			buildActionMask = 2147483647;
			files = (
			);
			runOnlyForDeploymentPostprocessing = 0;
		};
/* End PBXFrameworksBuildPhase section */

/* Begin PBXGroup section */
		144273622153EE5000874F30 = {
			isa = PBXGroup;
			children = (
				1442736D2153EE5000874F30 /* ViewSample */,
				1442736C2153EE5000874F30 /* Products */,
			);
			sourceTree = "<group>";
		};
		1442736C2153EE5000874F30 /* Products */ = {
			isa = PBXGroup;
			children = (
				1442736B2153EE5000874F30 /* ViewSample.app */,
			);
			name = Products;
			sourceTree = "<group>";
		};
		1442736D2153EE5000874F30 /* ViewSample */ = {
			isa = PBXGroup;
			children = (
				1442738C2156DBA000874F30 /* Parts */,
				1442737A2153EE7E00874F30 /* Info.plist */,
				144273752153EE7E00874F30 /* Assets.xcassets */,
				144273772153EE7E00874F30 /* LaunchScreen.storyboard */,
				1442736E2153EE5000874F30 /* AppDelegate.swift */,
				144273702153EE5000874F30 /* RootViewController.swift */,
				144273722153EE5000874F30 /* Main.storyboard */,
				144273802154160700874F30 /* JustView.swift */,
				14427382215560F100874F30 /* TableView.swift */,
				144273842155633100874F30 /* CollectionView.swift */,
			);
			path = ViewSample;
			sourceTree = "<group>";
		};
		1442738C2156DBA000874F30 /* Parts */ = {
			isa = PBXGroup;
			children = (
				1442738A2156BACD00874F30 /* CustomArea.swift */,
				1442738D2158099E00874F30 /* CustomTableCell.swift */,
				1442738F215809C700874F30 /* CustomCollectionCell.swift */,
			);
			path = Parts;
			sourceTree = "<group>";
		};
/* End PBXGroup section */

/* Begin PBXNativeTarget section */
		1442736A2153EE5000874F30 /* ViewSample */ = {
			isa = PBXNativeTarget;
			buildConfigurationList = 1442737D2153EE7E00874F30 /* Build configuration list for PBXNativeTarget "ViewSample" */;
			buildPhases = (
				144273672153EE5000874F30 /* Sources */,
				144273682153EE5000874F30 /* Frameworks */,
				144273692153EE5000874F30 /* Resources */,
			);
			buildRules = (
			);
			dependencies = (
			);
			name = ViewSample;
			productName = ViewSample;
			productReference = 1442736B2153EE5000874F30 /* ViewSample.app */;
			productType = "com.apple.product-type.application";
		};
/* End PBXNativeTarget section */

/* Begin PBXProject section */
		144273632153EE5000874F30 /* Project object */ = {
			isa = PBXProject;
			attributes = {
				LastSwiftUpdateCheck = 0940;
				LastUpgradeCheck = 0940;
				ORGANIZATIONNAME = hideta;
				TargetAttributes = {
					1442736A2153EE5000874F30 = {
						CreatedOnToolsVersion = 9.4.1;
					};
				};
			};
			buildConfigurationList = 144273662153EE5000874F30 /* Build configuration list for PBXProject "ViewSample" */;
			compatibilityVersion = "Xcode 9.3";
			developmentRegion = en;
			hasScannedForEncodings = 0;
			knownRegions = (
				en,
				Base,
			);
			mainGroup = 144273622153EE5000874F30;
			productRefGroup = 1442736C2153EE5000874F30 /* Products */;
			projectDirPath = "";
			projectRoot = "";
			targets = (
				1442736A2153EE5000874F30 /* ViewSample */,
			);
		};
/* End PBXProject section */

/* Begin PBXResourcesBuildPhase section */
		144273692153EE5000874F30 /* Resources */ = {
			isa = PBXResourcesBuildPhase;
			buildActionMask = 2147483647;
			files = (
				144273792153EE7E00874F30 /* LaunchScreen.storyboard in Resources */,
				144273762153EE7E00874F30 /* Assets.xcassets in Resources */,
				144273742153EE5000874F30 /* Main.storyboard in Resources */,
			);
			runOnlyForDeploymentPostprocessing = 0;
		};
/* End PBXResourcesBuildPhase section */

/* Begin PBXSourcesBuildPhase section */
		144273672153EE5000874F30 /* Sources */ = {
			isa = PBXSourcesBuildPhase;
			buildActionMask = 2147483647;
			files = (
				144273812154160800874F30 /* JustView.swift in Sources */,
				144273852155633100874F30 /* CollectionView.swift in Sources */,
				14427383215560F200874F30 /* TableView.swift in Sources */,
				1442738B2156BACD00874F30 /* CustomArea.swift in Sources */,
				14427390215809C700874F30 /* CustomCollectionCell.swift in Sources */,
				144273712153EE5000874F30 /* RootViewController.swift in Sources */,
				1442736F2153EE5000874F30 /* AppDelegate.swift in Sources */,
				1442738E2158099E00874F30 /* CustomTableCell.swift in Sources */,
			);
			runOnlyForDeploymentPostprocessing = 0;
		};
/* End PBXSourcesBuildPhase section */

/* Begin PBXVariantGroup section */
		144273722153EE5000874F30 /* Main.storyboard */ = {
			isa = PBXVariantGroup;
			children = (
				144273732153EE5000874F30 /* Base */,
			);
			name = Main.storyboard;
			sourceTree = "<group>";
		};
		144273772153EE7E00874F30 /* LaunchScreen.storyboard */ = {
			isa = PBXVariantGroup;
			children = (
				144273782153EE7E00874F30 /* Base */,
			);
			name = LaunchScreen.storyboard;
			sourceTree = "<group>";
		};
/* End PBXVariantGroup section */

/* Begin XCBuildConfiguration section */
		1442737B2153EE7E00874F30 /* Debug */ = {
			isa = XCBuildConfiguration;
			buildSettings = {
				ALWAYS_SEARCH_USER_PATHS = NO;
				CLANG_ANALYZER_NONNULL = YES;
				CLANG_ANALYZER_NUMBER_OBJECT_CONVERSION = YES_AGGRESSIVE;
				CLANG_CXX_LANGUAGE_STANDARD = "gnu++14";
				CLANG_CXX_LIBRARY = "libc++";
				CLANG_ENABLE_MODULES = YES;
				CLANG_ENABLE_OBJC_ARC = YES;
				CLANG_ENABLE_OBJC_WEAK = YES;
				CLANG_WARN_BLOCK_CAPTURE_AUTORELEASING = YES;
				CLANG_WARN_BOOL_CONVERSION = YES;
				CLANG_WARN_COMMA = YES;
				CLANG_WARN_CONSTANT_CONVERSION = YES;
				CLANG_WARN_DEPRECATED_OBJC_IMPLEMENTATIONS = YES;
				CLANG_WARN_DIRECT_OBJC_ISA_USAGE = YES_ERROR;
				CLANG_WARN_DOCUMENTATION_COMMENTS = YES;
				CLANG_WARN_EMPTY_BODY = YES;
				CLANG_WARN_ENUM_CONVERSION = YES;
				CLANG_WARN_INFINITE_RECURSION = YES;
				CLANG_WARN_INT_CONVERSION = YES;
				CLANG_WARN_NON_LITERAL_NULL_CONVERSION = YES;
				CLANG_WARN_OBJC_IMPLICIT_RETAIN_SELF = YES;
				CLANG_WARN_OBJC_LITERAL_CONVERSION = YES;
				CLANG_WARN_OBJC_ROOT_CLASS = YES_ERROR;
				CLANG_WARN_RANGE_LOOP_ANALYSIS = YES;
				CLANG_WARN_STRICT_PROTOTYPES = YES;
				CLANG_WARN_SUSPICIOUS_MOVE = YES;
				CLANG_WARN_UNGUARDED_AVAILABILITY = YES_AGGRESSIVE;
				CLANG_WARN_UNREACHABLE_CODE = YES;
				CLANG_WARN__DUPLICATE_METHOD_MATCH = YES;
				CODE_SIGN_IDENTITY = "iPhone Developer";
				COPY_PHASE_STRIP = NO;
				DEBUG_INFORMATION_FORMAT = dwarf;
				ENABLE_STRICT_OBJC_MSGSEND = YES;
				ENABLE_TESTABILITY = YES;
				GCC_C_LANGUAGE_STANDARD = gnu11;
				GCC_DYNAMIC_NO_PIC = NO;
				GCC_NO_COMMON_BLOCKS = YES;
				GCC_OPTIMIZATION_LEVEL = 0;
				GCC_PREPROCESSOR_DEFINITIONS = (
					"DEBUG=1",
					"$(inherited)",
				);
				GCC_WARN_64_TO_32_BIT_CONVERSION = YES;
				GCC_WARN_ABOUT_RETURN_TYPE = YES_ERROR;
				GCC_WARN_UNDECLARED_SELECTOR = YES;
				GCC_WARN_UNINITIALIZED_AUTOS = YES_AGGRESSIVE;
				GCC_WARN_UNUSED_FUNCTION = YES;
				GCC_WARN_UNUSED_VARIABLE = YES;
				IPHONEOS_DEPLOYMENT_TARGET = 11.4;
				MTL_ENABLE_DEBUG_INFO = YES;
				ONLY_ACTIVE_ARCH = YES;
				SDKROOT = iphoneos;
				SWIFT_ACTIVE_COMPILATION_CONDITIONS = DEBUG;
				SWIFT_OPTIMIZATION_LEVEL = "-Onone";
			};
			name = Debug;
		};
		1442737C2153EE7E00874F30 /* Release */ = {
			isa = XCBuildConfiguration;
			buildSettings = {
				ALWAYS_SEARCH_USER_PATHS = NO;
				CLANG_ANALYZER_NONNULL = YES;
				CLANG_ANALYZER_NUMBER_OBJECT_CONVERSION = YES_AGGRESSIVE;
				CLANG_CXX_LANGUAGE_STANDARD = "gnu++14";
				CLANG_CXX_LIBRARY = "libc++";
				CLANG_ENABLE_MODULES = YES;
				CLANG_ENABLE_OBJC_ARC = YES;
				CLANG_ENABLE_OBJC_WEAK = YES;
				CLANG_WARN_BLOCK_CAPTURE_AUTORELEASING = YES;
				CLANG_WARN_BOOL_CONVERSION = YES;
				CLANG_WARN_COMMA = YES;
				CLANG_WARN_CONSTANT_CONVERSION = YES;
				CLANG_WARN_DEPRECATED_OBJC_IMPLEMENTATIONS = YES;
				CLANG_WARN_DIRECT_OBJC_ISA_USAGE = YES_ERROR;
				CLANG_WARN_DOCUMENTATION_COMMENTS = YES;
				CLANG_WARN_EMPTY_BODY = YES;
				CLANG_WARN_ENUM_CONVERSION = YES;
				CLANG_WARN_INFINITE_RECURSION = YES;
				CLANG_WARN_INT_CONVERSION = YES;
				CLANG_WARN_NON_LITERAL_NULL_CONVERSION = YES;
				CLANG_WARN_OBJC_IMPLICIT_RETAIN_SELF = YES;
				CLANG_WARN_OBJC_LITERAL_CONVERSION = YES;
				CLANG_WARN_OBJC_ROOT_CLASS = YES_ERROR;
				CLANG_WARN_RANGE_LOOP_ANALYSIS = YES;
				CLANG_WARN_STRICT_PROTOTYPES = YES;
				CLANG_WARN_SUSPICIOUS_MOVE = YES;
				CLANG_WARN_UNGUARDED_AVAILABILITY = YES_AGGRESSIVE;
				CLANG_WARN_UNREACHABLE_CODE = YES;
				CLANG_WARN__DUPLICATE_METHOD_MATCH = YES;
				CODE_SIGN_IDENTITY = "iPhone Developer";
				COPY_PHASE_STRIP = NO;
				DEBUG_INFORMATION_FORMAT = "dwarf-with-dsym";
				ENABLE_NS_ASSERTIONS = NO;
				ENABLE_STRICT_OBJC_MSGSEND = YES;
				GCC_C_LANGUAGE_STANDARD = gnu11;
				GCC_NO_COMMON_BLOCKS = YES;
				GCC_WARN_64_TO_32_BIT_CONVERSION = YES;
				GCC_WARN_ABOUT_RETURN_TYPE = YES_ERROR;
				GCC_WARN_UNDECLARED_SELECTOR = YES;
				GCC_WARN_UNINITIALIZED_AUTOS = YES_AGGRESSIVE;
				GCC_WARN_UNUSED_FUNCTION = YES;
				GCC_WARN_UNUSED_VARIABLE = YES;
				IPHONEOS_DEPLOYMENT_TARGET = 11.4;
				MTL_ENABLE_DEBUG_INFO = NO;
				SDKROOT = iphoneos;
				SWIFT_COMPILATION_MODE = wholemodule;
				SWIFT_OPTIMIZATION_LEVEL = "-O";
				VALIDATE_PRODUCT = YES;
			};
			name = Release;
		};
		1442737E2153EE7E00874F30 /* Debug */ = {
			isa = XCBuildConfiguration;
			buildSettings = {
				ASSETCATALOG_COMPILER_APPICON_NAME = AppIcon;
				CODE_SIGN_STYLE = Automatic;
				INFOPLIST_FILE = ViewSample/Info.plist;
				LD_RUNPATH_SEARCH_PATHS = (
					"$(inherited)",
					"@executable_path/Frameworks",
				);
				PRODUCT_BUNDLE_IDENTIFIER = hideta.ViewSample;
				PRODUCT_NAME = "$(TARGET_NAME)";
				SWIFT_VERSION = 4.0;
				TARGETED_DEVICE_FAMILY = "1,2";
			};
			name = Debug;
		};
		1442737F2153EE7E00874F30 /* Release */ = {
			isa = XCBuildConfiguration;
			buildSettings = {
				ASSETCATALOG_COMPILER_APPICON_NAME = AppIcon;
				CODE_SIGN_STYLE = Automatic;
				INFOPLIST_FILE = ViewSample/Info.plist;
				LD_RUNPATH_SEARCH_PATHS = (
					"$(inherited)",
					"@executable_path/Frameworks",
				);
				PRODUCT_BUNDLE_IDENTIFIER = hideta.ViewSample;
				PRODUCT_NAME = "$(TARGET_NAME)";
				SWIFT_VERSION = 4.0;
				TARGETED_DEVICE_FAMILY = "1,2";
			};
			name = Release;
		};
/* End XCBuildConfiguration section */

/* Begin XCConfigurationList section */
		144273662153EE5000874F30 /* Build configuration list for PBXProject "ViewSample" */ = {
			isa = XCConfigurationList;
			buildConfigurations = (
				1442737B2153EE7E00874F30 /* Debug */,
				1442737C2153EE7E00874F30 /* Release */,
			);
			defaultConfigurationIsVisible = 0;
			defaultConfigurationName = Release;
		};
		1442737D2153EE7E00874F30 /* Build configuration list for PBXNativeTarget "ViewSample" */ = {
			isa = XCConfigurationList;
			buildConfigurations = (
				1442737E2153EE7E00874F30 /* Debug */,
				1442737F2153EE7E00874F30 /* Release */,
			);
			defaultConfigurationIsVisible = 0;
			defaultConfigurationName = Release;
		};
/* End XCConfigurationList section */
	};
	rootObject = 144273632153EE5000874F30 /* Project object */;
}
